
Microsoft Visual Studio Solution File, Format Version 12.00
# Visual Studio Version 17
VisualStudioVersion = 17.8.34525.116
MinimumVisualStudioVersion = 10.0.40219.1
Project("{FAE04EC0-301F-11D3-BF4B-00C04F79EFBC}") = "Polymorphism_OOP", "Polymorphism_OOP.csproj", "{C552D8F7-5535-43B3-8BEE-5C41D83CAB69}"
EndProject
Global
	GlobalSection(SolutionConfigurationPlatforms) = preSolution
		Debug|Any CPU = Debug|Any CPU
		Release|Any CPU = Release|Any CPU
	EndGlobalSection
	GlobalSection(ProjectConfigurationPlatforms) = postSolution
		{C552D8F7-5535-43B3-8BEE-5C41D83CAB69}.Debug|Any CPU.ActiveCfg = Debug|Any CPU
		{C552D8F7-5535-43B3-8BEE-5C41D83CAB69}.Debug|Any CPU.Build.0 = Debug|Any CPU
		{C552D8F7-5535-43B3-8BEE-5C41D83CAB69}.Release|Any CPU.ActiveCfg = Release|Any CPU
		{C552D8F7-5535-43B3-8BEE-5C41D83CAB69}.Release|Any CPU.Build.0 = Release|Any CPU
	EndGlobalSection
	GlobalSection(SolutionProperties) = preSolution
		HideSolutionNode = FALSE
	EndGlobalSection
	GlobalSection(ExtensibilityGlobals) = postSolution
		SolutionGuid = {25EB3C4D-8021-4280-B51F-DC5BB5E16471}
	EndGlobalSection
EndGlobal
